// !$*UTF8*$!
{
	archiveVersion = 1;
	classes = {
	};
	objectVersion = 46;
	objects = {

/* Begin PBXBuildFile section */
		6905581C1EA79D6000186D14 /* MovieViewController.swift in Sources */ = {isa = PBXBuildFile; fileRef = 6905581B1EA79D6000186D14 /* MovieViewController.swift */; };
		6905581E1EA79D7B00186D14 /* MovieCell.swift in Sources */ = {isa = PBXBuildFile; fileRef = 6905581D1EA79D7B00186D14 /* MovieCell.swift */; };
		690558291EA856D600186D14 /* Images.xcassets in Resources */ = {isa = PBXBuildFile; fileRef = 690558281EA856D600186D14 /* Images.xcassets */; };
		69745CE51EB07B3B00439BC7 /* Localizable.strings in Resources */ = {isa = PBXBuildFile; fileRef = 69745CE71EB07B3B00439BC7 /* Localizable.strings */; };
		69745CEC1EB491C000439BC7 /* SwiftyJSON.framework in Frameworks */ = {isa = PBXBuildFile; fileRef = 69745CE91EB491C000439BC7 /* SwiftyJSON.framework */; };
		69745CED1EB491C000439BC7 /* SwiftyJSON.framework in Embed Frameworks */ = {isa = PBXBuildFile; fileRef = 69745CE91EB491C000439BC7 /* SwiftyJSON.framework */; settings = {ATTRIBUTES = (CodeSignOnCopy, RemoveHeadersOnCopy, ); }; };
		69745CEE1EB491C000439BC7 /* AlamofireImage.framework in Frameworks */ = {isa = PBXBuildFile; fileRef = 69745CEA1EB491C000439BC7 /* AlamofireImage.framework */; };
		69745CEF1EB491C000439BC7 /* AlamofireImage.framework in Embed Frameworks */ = {isa = PBXBuildFile; fileRef = 69745CEA1EB491C000439BC7 /* AlamofireImage.framework */; settings = {ATTRIBUTES = (CodeSignOnCopy, RemoveHeadersOnCopy, ); }; };
		69745CF01EB491C000439BC7 /* Alamofire.framework in Frameworks */ = {isa = PBXBuildFile; fileRef = 69745CEB1EB491C000439BC7 /* Alamofire.framework */; };
		69745CF11EB491C000439BC7 /* Alamofire.framework in Embed Frameworks */ = {isa = PBXBuildFile; fileRef = 69745CEB1EB491C000439BC7 /* Alamofire.framework */; settings = {ATTRIBUTES = (CodeSignOnCopy, RemoveHeadersOnCopy, ); }; };
		699F0CEA1E9E298700A3388F /* AppDelegate.swift in Sources */ = {isa = PBXBuildFile; fileRef = 699F0CE91E9E298700A3388F /* AppDelegate.swift */; };
		699F0CEF1E9E298700A3388F /* Main.storyboard in Resources */ = {isa = PBXBuildFile; fileRef = 699F0CED1E9E298700A3388F /* Main.storyboard */; };
		699F0CF41E9E298700A3388F /* LaunchScreen.storyboard in Resources */ = {isa = PBXBuildFile; fileRef = 699F0CF21E9E298700A3388F /* LaunchScreen.storyboard */; };
		69AACB041E9E2F0700443DBF /* ItemTableViewCell.swift in Sources */ = {isa = PBXBuildFile; fileRef = 69AACB031E9E2F0700443DBF /* ItemTableViewCell.swift */; };
		69AACB061E9E303700443DBF /* TableViewController.swift in Sources */ = {isa = PBXBuildFile; fileRef = 69AACB051E9E303700443DBF /* TableViewController.swift */; };
		69AACB081E9E49AA00443DBF /* WebViewController.swift in Sources */ = {isa = PBXBuildFile; fileRef = 69AACB071E9E49AA00443DBF /* WebViewController.swift */; };
		A558D0B61EAC53C7009BE780 /* SettingViewController.swift in Sources */ = {isa = PBXBuildFile; fileRef = A558D0B51EAC53C7009BE780 /* SettingViewController.swift */; };
		A558D0B81EAC5BEF009BE780 /* DeviceData.swift in Sources */ = {isa = PBXBuildFile; fileRef = A558D0B71EAC5BEF009BE780 /* DeviceData.swift */; };
		A558D0BB1EACAD39009BE780 /* Country.swift in Sources */ = {isa = PBXBuildFile; fileRef = A558D0BA1EACAD39009BE780 /* Country.swift */; };
		A558D0BE1EACB335009BE780 /* ArtworkSize.swift in Sources */ = {isa = PBXBuildFile; fileRef = A558D0BD1EACB335009BE780 /* ArtworkSize.swift */; };
/* End PBXBuildFile section */

/* Begin PBXCopyFilesBuildPhase section */
		69745CF31EB491C000439BC7 /* Embed Frameworks */ = {
			isa = PBXCopyFilesBuildPhase;
			buildActionMask = 2147483647;
			dstPath = "";
			dstSubfolderSpec = 10;
			files = (
				69745CED1EB491C000439BC7 /* SwiftyJSON.framework in Embed Frameworks */,
				69745CF11EB491C000439BC7 /* Alamofire.framework in Embed Frameworks */,
				69745CEF1EB491C000439BC7 /* AlamofireImage.framework in Embed Frameworks */,
			);
			name = "Embed Frameworks";
			runOnlyForDeploymentPostprocessing = 0;
		};
/* End PBXCopyFilesBuildPhase section */

/* Begin PBXFileReference section */
		6905581B1EA79D6000186D14 /* MovieViewController.swift */ = {isa = PBXFileReference; fileEncoding = 4; lastKnownFileType = sourcecode.swift; path = MovieViewController.swift; sourceTree = "<group>"; };
		6905581D1EA79D7B00186D14 /* MovieCell.swift */ = {isa = PBXFileReference; fileEncoding = 4; lastKnownFileType = sourcecode.swift; path = MovieCell.swift; sourceTree = "<group>"; };
		690558281EA856D600186D14 /* Images.xcassets */ = {isa = PBXFileReference; lastKnownFileType = folder.assetcatalog; path = Images.xcassets; sourceTree = "<group>"; };
		69745CE61EB07B3B00439BC7 /* Base */ = {isa = PBXFileReference; lastKnownFileType = text.plist.strings; name = Base; path = Base.lproj/Localizable.strings; sourceTree = "<group>"; };
		69745CE81EB07B6700439BC7 /* ja */ = {isa = PBXFileReference; lastKnownFileType = text.plist.strings; name = ja; path = ja.lproj/Localizable.strings; sourceTree = "<group>"; };
		69745CE91EB491C000439BC7 /* SwiftyJSON.framework */ = {isa = PBXFileReference; lastKnownFileType = wrapper.framework; name = SwiftyJSON.framework; path = Carthage/Build/iOS/SwiftyJSON.framework; sourceTree = "<group>"; };
		69745CEA1EB491C000439BC7 /* AlamofireImage.framework */ = {isa = PBXFileReference; lastKnownFileType = wrapper.framework; name = AlamofireImage.framework; path = Carthage/Build/iOS/AlamofireImage.framework; sourceTree = "<group>"; };
		69745CEB1EB491C000439BC7 /* Alamofire.framework */ = {isa = PBXFileReference; lastKnownFileType = wrapper.framework; name = Alamofire.framework; path = Carthage/Build/iOS/Alamofire.framework; sourceTree = "<group>"; };
		699F0CE61E9E298700A3388F /* iTunesArtworkiPhone.app */ = {isa = PBXFileReference; explicitFileType = wrapper.application; includeInIndex = 0; path = iTunesArtworkiPhone.app; sourceTree = BUILT_PRODUCTS_DIR; };
		699F0CE91E9E298700A3388F /* AppDelegate.swift */ = {isa = PBXFileReference; lastKnownFileType = sourcecode.swift; path = AppDelegate.swift; sourceTree = "<group>"; };
		699F0CEE1E9E298700A3388F /* Base */ = {isa = PBXFileReference; lastKnownFileType = file.storyboard; name = Base; path = Base.lproj/Main.storyboard; sourceTree = "<group>"; };
		699F0CF31E9E298700A3388F /* Base */ = {isa = PBXFileReference; lastKnownFileType = file.storyboard; name = Base; path = Base.lproj/LaunchScreen.storyboard; sourceTree = "<group>"; };
		699F0CF51E9E298700A3388F /* Info.plist */ = {isa = PBXFileReference; lastKnownFileType = text.plist.xml; path = Info.plist; sourceTree = "<group>"; };
		69AACB031E9E2F0700443DBF /* ItemTableViewCell.swift */ = {isa = PBXFileReference; fileEncoding = 4; lastKnownFileType = sourcecode.swift; path = ItemTableViewCell.swift; sourceTree = "<group>"; };
		69AACB051E9E303700443DBF /* TableViewController.swift */ = {isa = PBXFileReference; fileEncoding = 4; lastKnownFileType = sourcecode.swift; path = TableViewController.swift; sourceTree = "<group>"; };
		69AACB071E9E49AA00443DBF /* WebViewController.swift */ = {isa = PBXFileReference; fileEncoding = 4; lastKnownFileType = sourcecode.swift; path = WebViewController.swift; sourceTree = "<group>"; };
		A558D0B51EAC53C7009BE780 /* SettingViewController.swift */ = {isa = PBXFileReference; fileEncoding = 4; lastKnownFileType = sourcecode.swift; path = SettingViewController.swift; sourceTree = "<group>"; };
		A558D0B71EAC5BEF009BE780 /* DeviceData.swift */ = {isa = PBXFileReference; fileEncoding = 4; lastKnownFileType = sourcecode.swift; path = DeviceData.swift; sourceTree = "<group>"; };
		A558D0BA1EACAD39009BE780 /* Country.swift */ = {isa = PBXFileReference; fileEncoding = 4; lastKnownFileType = sourcecode.swift; path = Country.swift; sourceTree = "<group>"; };
		A558D0BD1EACB335009BE780 /* ArtworkSize.swift */ = {isa = PBXFileReference; fileEncoding = 4; lastKnownFileType = sourcecode.swift; path = ArtworkSize.swift; sourceTree = "<group>"; };
/* End PBXFileReference section */

/* Begin PBXFrameworksBuildPhase section */
		69745CF21EB491C000439BC7 /* Frameworks */ = {
			isa = PBXFrameworksBuildPhase;
			buildActionMask = 2147483647;
			files = (
				69745CEC1EB491C000439BC7 /* SwiftyJSON.framework in Frameworks */,
				69745CF01EB491C000439BC7 /* Alamofire.framework in Frameworks */,
				69745CEE1EB491C000439BC7 /* AlamofireImage.framework in Frameworks */,
			);
			runOnlyForDeploymentPostprocessing = 0;
		};
/* End PBXFrameworksBuildPhase section */

/* Begin PBXGroup section */
		690558081EA35A8400186D14 /* Setting */ = {
			isa = PBXGroup;
			children = (
				A558D0B51EAC53C7009BE780 /* SettingViewController.swift */,
			);
			name = Setting;
			sourceTree = "<group>";
		};
		690558191EA636D400186D14 /* MusicView */ = {
			isa = PBXGroup;
			children = (
				69AACB051E9E303700443DBF /* TableViewController.swift */,
				69AACB031E9E2F0700443DBF /* ItemTableViewCell.swift */,
			);
			name = MusicView;
			sourceTree = "<group>";
		};
		6905581A1EA79D1E00186D14 /* MovieView */ = {
			isa = PBXGroup;
			children = (
				6905581B1EA79D6000186D14 /* MovieViewController.swift */,
				6905581D1EA79D7B00186D14 /* MovieCell.swift */,
			);
			name = MovieView;
			sourceTree = "<group>";
		};
		699F0CDD1E9E298600A3388F = {
			isa = PBXGroup;
			children = (
				699F0CE81E9E298700A3388F /* iTunesArtworkiPhone */,
				699F0CE71E9E298700A3388F /* Products */,
				9591E0E90B23012F9411BE0D /* Frameworks */,
			);
			sourceTree = "<group>";
		};
		699F0CE71E9E298700A3388F /* Products */ = {
			isa = PBXGroup;
			children = (
				699F0CE61E9E298700A3388F /* iTunesArtworkiPhone.app */,
			);
			name = Products;
			sourceTree = "<group>";
		};
		699F0CE81E9E298700A3388F /* iTunesArtworkiPhone */ = {
			isa = PBXGroup;
			children = (
				699F0CED1E9E298700A3388F /* Main.storyboard */,
				690558191EA636D400186D14 /* MusicView */,
				6905581A1EA79D1E00186D14 /* MovieView */,
				690558081EA35A8400186D14 /* Setting */,
				A558D0B91EACAD03009BE780 /* Model */,
				A558D0BC1EACB0A0009BE780 /* enumeration */,
				69AACB071E9E49AA00443DBF /* WebViewController.swift */,
				699F0CE91E9E298700A3388F /* AppDelegate.swift */,
				699F0CF21E9E298700A3388F /* LaunchScreen.storyboard */,
				699F0CF51E9E298700A3388F /* Info.plist */,
				690558281EA856D600186D14 /* Images.xcassets */,
				69745CE71EB07B3B00439BC7 /* Localizable.strings */,
			);
			path = iTunesArtworkiPhone;
			sourceTree = "<group>";
		};
		9591E0E90B23012F9411BE0D /* Frameworks */ = {
			isa = PBXGroup;
			children = (
				69745CE91EB491C000439BC7 /* SwiftyJSON.framework */,
				69745CEA1EB491C000439BC7 /* AlamofireImage.framework */,
				69745CEB1EB491C000439BC7 /* Alamofire.framework */,
			);
			name = Frameworks;
			sourceTree = "<group>";
		};
		A558D0B91EACAD03009BE780 /* Model */ = {
			isa = PBXGroup;
			children = (
				A558D0B71EAC5BEF009BE780 /* DeviceData.swift */,
			);
			name = Model;
			sourceTree = "<group>";
		};
		A558D0BC1EACB0A0009BE780 /* enumeration */ = {
			isa = PBXGroup;
			children = (
				A558D0BA1EACAD39009BE780 /* Country.swift */,
				A558D0BD1EACB335009BE780 /* ArtworkSize.swift */,
			);
			name = enumeration;
			sourceTree = "<group>";
		};
/* End PBXGroup section */

/* Begin PBXNativeTarget section */
		699F0CE51E9E298700A3388F /* iTunesArtworkiPhone */ = {
			isa = PBXNativeTarget;
			buildConfigurationList = 699F0CF81E9E298700A3388F /* Build configuration list for PBXNativeTarget "iTunesArtworkiPhone" */;
			buildPhases = (
				699F0CE21E9E298700A3388F /* Sources */,
				699F0CE41E9E298700A3388F /* Resources */,
				69745CF21EB491C000439BC7 /* Frameworks */,
				69745CF31EB491C000439BC7 /* Embed Frameworks */,
			);
			buildRules = (
			);
			dependencies = (
			);
			name = iTunesArtworkiPhone;
			productName = iTunesArtworkiPhone;
			productReference = 699F0CE61E9E298700A3388F /* iTunesArtworkiPhone.app */;
			productType = "com.apple.product-type.application";
		};
/* End PBXNativeTarget section */

/* Begin PBXProject section */
		699F0CDE1E9E298600A3388F /* Project object */ = {
			isa = PBXProject;
			attributes = {
				LastSwiftUpdateCheck = 0830;
				LastUpgradeCheck = 0830;
				ORGANIZATIONNAME = piyo;
				TargetAttributes = {
					699F0CE51E9E298700A3388F = {
						CreatedOnToolsVersion = 8.3.1;
						DevelopmentTeam = ZF2L8YKC2B;
						ProvisioningStyle = Automatic;
					};
				};
			};
			buildConfigurationList = 699F0CE11E9E298600A3388F /* Build configuration list for PBXProject "iTunesArtworkiPhone" */;
			compatibilityVersion = "Xcode 3.2";
			developmentRegion = English;
			hasScannedForEncodings = 0;
			knownRegions = (
				en,
				Base,
				ja,
			);
			mainGroup = 699F0CDD1E9E298600A3388F;
			productRefGroup = 699F0CE71E9E298700A3388F /* Products */;
			projectDirPath = "";
			projectRoot = "";
			targets = (
				699F0CE51E9E298700A3388F /* iTunesArtworkiPhone */,
			);
		};
/* End PBXProject section */

/* Begin PBXResourcesBuildPhase section */
		699F0CE41E9E298700A3388F /* Resources */ = {
			isa = PBXResourcesBuildPhase;
			buildActionMask = 2147483647;
			files = (
				690558291EA856D600186D14 /* Images.xcassets in Resources */,
				69745CE51EB07B3B00439BC7 /* Localizable.strings in Resources */,
				699F0CF41E9E298700A3388F /* LaunchScreen.storyboard in Resources */,
				699F0CEF1E9E298700A3388F /* Main.storyboard in Resources */,
			);
			runOnlyForDeploymentPostprocessing = 0;
		};
/* End PBXResourcesBuildPhase section */

/* Begin PBXSourcesBuildPhase section */
		699F0CE21E9E298700A3388F /* Sources */ = {
			isa = PBXSourcesBuildPhase;
			buildActionMask = 2147483647;
			files = (
				6905581E1EA79D7B00186D14 /* MovieCell.swift in Sources */,
				A558D0BB1EACAD39009BE780 /* Country.swift in Sources */,
				6905581C1EA79D6000186D14 /* MovieViewController.swift in Sources */,
				A558D0BE1EACB335009BE780 /* ArtworkSize.swift in Sources */,
				69AACB041E9E2F0700443DBF /* ItemTableViewCell.swift in Sources */,
				A558D0B61EAC53C7009BE780 /* SettingViewController.swift in Sources */,
				699F0CEA1E9E298700A3388F /* AppDelegate.swift in Sources */,
				69AACB061E9E303700443DBF /* TableViewController.swift in Sources */,
				A558D0B81EAC5BEF009BE780 /* DeviceData.swift in Sources */,
				69AACB081E9E49AA00443DBF /* WebViewController.swift in Sources */,
			);
			runOnlyForDeploymentPostprocessing = 0;
		};
/* End PBXSourcesBuildPhase section */

/* Begin PBXVariantGroup section */
		69745CE71EB07B3B00439BC7 /* Localizable.strings */ = {
			isa = PBXVariantGroup;
			children = (
				69745CE61EB07B3B00439BC7 /* Base */,
				69745CE81EB07B6700439BC7 /* ja */,
			);
			name = Localizable.strings;
			sourceTree = "<group>";
		};
		699F0CED1E9E298700A3388F /* Main.storyboard */ = {
			isa = PBXVariantGroup;
			children = (
				699F0CEE1E9E298700A3388F /* Base */,
			);
			name = Main.storyboard;
			sourceTree = "<group>";
		};
		699F0CF21E9E298700A3388F /* LaunchScreen.storyboard */ = {
			isa = PBXVariantGroup;
			children = (
				699F0CF31E9E298700A3388F /* Base */,
			);
			name = LaunchScreen.storyboard;
			sourceTree = "<group>";
		};
/* End PBXVariantGroup section */

/* Begin XCBuildConfiguration section */
		699F0CF61E9E298700A3388F /* Debug */ = {
			isa = XCBuildConfiguration;
			buildSettings = {
				ALWAYS_SEARCH_USER_PATHS = NO;
				CLANG_ANALYZER_LOCALIZABILITY_NONLOCALIZED = YES;
				CLANG_ANALYZER_NONNULL = YES;
				CLANG_ANALYZER_NUMBER_OBJECT_CONVERSION = YES_AGGRESSIVE;
				CLANG_CXX_LANGUAGE_STANDARD = "gnu++0x";
				CLANG_CXX_LIBRARY = "libc++";
				CLANG_ENABLE_MODULES = YES;
				CLANG_ENABLE_OBJC_ARC = YES;
				CLANG_WARN_BOOL_CONVERSION = YES;
				CLANG_WARN_CONSTANT_CONVERSION = YES;
				CLANG_WARN_DIRECT_OBJC_ISA_USAGE = YES_ERROR;
				CLANG_WARN_DOCUMENTATION_COMMENTS = YES;
				CLANG_WARN_EMPTY_BODY = YES;
				CLANG_WARN_ENUM_CONVERSION = YES;
				CLANG_WARN_INFINITE_RECURSION = YES;
				CLANG_WARN_INT_CONVERSION = YES;
				CLANG_WARN_OBJC_ROOT_CLASS = YES_ERROR;
				CLANG_WARN_SUSPICIOUS_MOVE = YES;
				CLANG_WARN_UNREACHABLE_CODE = YES;
				CLANG_WARN__DUPLICATE_METHOD_MATCH = YES;
				"CODE_SIGN_IDENTITY[sdk=iphoneos*]" = "iPhone Developer";
				COPY_PHASE_STRIP = NO;
				DEBUG_INFORMATION_FORMAT = dwarf;
				ENABLE_STRICT_OBJC_MSGSEND = YES;
				ENABLE_TESTABILITY = YES;
				GCC_C_LANGUAGE_STANDARD = gnu99;
				GCC_DYNAMIC_NO_PIC = NO;
				GCC_NO_COMMON_BLOCKS = YES;
				GCC_OPTIMIZATION_LEVEL = 0;
				GCC_PREPROCESSOR_DEFINITIONS = (
					"DEBUG=1",
					"$(inherited)",
				);
				GCC_WARN_64_TO_32_BIT_CONVERSION = YES;
				GCC_WARN_ABOUT_RETURN_TYPE = YES_ERROR;
				GCC_WARN_UNDECLARED_SELECTOR = YES;
				GCC_WARN_UNINITIALIZED_AUTOS = YES_AGGRESSIVE;
				GCC_WARN_UNUSED_FUNCTION = YES;
				GCC_WARN_UNUSED_VARIABLE = YES;
				IPHONEOS_DEPLOYMENT_TARGET = 10.3;
				MTL_ENABLE_DEBUG_INFO = YES;
				ONLY_ACTIVE_ARCH = YES;
				SDKROOT = iphoneos;
				SWIFT_ACTIVE_COMPILATION_CONDITIONS = DEBUG;
				SWIFT_OPTIMIZATION_LEVEL = "-Onone";
				TARGETED_DEVICE_FAMILY = "1,2";
			};
			name = Debug;
		};
		699F0CF71E9E298700A3388F /* Release */ = {
			isa = XCBuildConfiguration;
			buildSettings = {
				ALWAYS_SEARCH_USER_PATHS = NO;
				CLANG_ANALYZER_LOCALIZABILITY_NONLOCALIZED = YES;
				CLANG_ANALYZER_NONNULL = YES;
				CLANG_ANALYZER_NUMBER_OBJECT_CONVERSION = YES_AGGRESSIVE;
				CLANG_CXX_LANGUAGE_STANDARD = "gnu++0x";
				CLANG_CXX_LIBRARY = "libc++";
				CLANG_ENABLE_MODULES = YES;
				CLANG_ENABLE_OBJC_ARC = YES;
				CLANG_WARN_BOOL_CONVERSION = YES;
				CLANG_WARN_CONSTANT_CONVERSION = YES;
				CLANG_WARN_DIRECT_OBJC_ISA_USAGE = YES_ERROR;
				CLANG_WARN_DOCUMENTATION_COMMENTS = YES;
				CLANG_WARN_EMPTY_BODY = YES;
				CLANG_WARN_ENUM_CONVERSION = YES;
				CLANG_WARN_INFINITE_RECURSION = YES;
				CLANG_WARN_INT_CONVERSION = YES;
				CLANG_WARN_OBJC_ROOT_CLASS = YES_ERROR;
				CLANG_WARN_SUSPICIOUS_MOVE = YES;
				CLANG_WARN_UNREACHABLE_CODE = YES;
				CLANG_WARN__DUPLICATE_METHOD_MATCH = YES;
				"CODE_SIGN_IDENTITY[sdk=iphoneos*]" = "iPhone Developer";
				COPY_PHASE_STRIP = NO;
				DEBUG_INFORMATION_FORMAT = "dwarf-with-dsym";
				ENABLE_NS_ASSERTIONS = NO;
				ENABLE_STRICT_OBJC_MSGSEND = YES;
				GCC_C_LANGUAGE_STANDARD = gnu99;
				GCC_NO_COMMON_BLOCKS = YES;
				GCC_WARN_64_TO_32_BIT_CONVERSION = YES;
				GCC_WARN_ABOUT_RETURN_TYPE = YES_ERROR;
				GCC_WARN_UNDECLARED_SELECTOR = YES;
				GCC_WARN_UNINITIALIZED_AUTOS = YES_AGGRESSIVE;
				GCC_WARN_UNUSED_FUNCTION = YES;
				GCC_WARN_UNUSED_VARIABLE = YES;
				IPHONEOS_DEPLOYMENT_TARGET = 10.3;
				MTL_ENABLE_DEBUG_INFO = NO;
				SDKROOT = iphoneos;
				SWIFT_OPTIMIZATION_LEVEL = "-Owholemodule";
				TARGETED_DEVICE_FAMILY = "1,2";
				VALIDATE_PRODUCT = YES;
			};
			name = Release;
		};
		699F0CF91E9E298700A3388F /* Debug */ = {
			isa = XCBuildConfiguration;
			baseConfigurationReference = 27338B776F1697C33DFA094D /* Pods-iTunesArtworkiPhone.debug.xcconfig */;
			buildSettings = {
				ASSETCATALOG_COMPILER_APPICON_NAME = AppIcon;
				ASSETCATALOG_COMPILER_LAUNCHIMAGE_NAME = LaunchImage;
				DEVELOPMENT_TEAM = ZF2L8YKC2B;
				FRAMEWORK_SEARCH_PATHS = (
					"$(inherited)",
					"$(PROJECT_DIR)/Carthage/Build/iOS",
				);
				INFOPLIST_FILE = iTunesArtworkiPhone/Info.plist;
				LD_RUNPATH_SEARCH_PATHS = "$(inherited) @executable_path/Frameworks";
				PRODUCT_BUNDLE_IDENTIFIER = s10284tk.iTunesArtworkiPhone;
				PRODUCT_NAME = "$(TARGET_NAME)";
				SWIFT_VERSION = 3.0;
				SWIFT_WHOLE_MODULE_OPTIMIZATION = YES;
			};
			name = Debug;
		};
		699F0CFA1E9E298700A3388F /* Release */ = {
			isa = XCBuildConfiguration;
			baseConfigurationReference = DA24D69DC7FF569464CD3F12 /* Pods-iTunesArtworkiPhone.release.xcconfig */;
			buildSettings = {
				ASSETCATALOG_COMPILER_APPICON_NAME = AppIcon;
				ASSETCATALOG_COMPILER_LAUNCHIMAGE_NAME = LaunchImage;
				DEVELOPMENT_TEAM = ZF2L8YKC2B;
				FRAMEWORK_SEARCH_PATHS = (
					"$(inherited)",
					"$(PROJECT_DIR)/Carthage/Build/iOS",
				);
				INFOPLIST_FILE = iTunesArtworkiPhone/Info.plist;
				LD_RUNPATH_SEARCH_PATHS = "$(inherited) @executable_path/Frameworks";
				PRODUCT_BUNDLE_IDENTIFIER = s10284tk.iTunesArtworkiPhone;
				PRODUCT_NAME = "$(TARGET_NAME)";
				SWIFT_VERSION = 3.0;
				SWIFT_WHOLE_MODULE_OPTIMIZATION = "";
			};
			name = Release;
		};
/* End XCBuildConfiguration section */

/* Begin XCConfigurationList section */
		699F0CE11E9E298600A3388F /* Build configuration list for PBXProject "iTunesArtworkiPhone" */ = {
			isa = XCConfigurationList;
			buildConfigurations = (
				699F0CF61E9E298700A3388F /* Debug */,
				699F0CF71E9E298700A3388F /* Release */,
			);
			defaultConfigurationIsVisible = 0;
			defaultConfigurationName = Release;
		};
		699F0CF81E9E298700A3388F /* Build configuration list for PBXNativeTarget "iTunesArtworkiPhone" */ = {
			isa = XCConfigurationList;
			buildConfigurations = (
				699F0CF91E9E298700A3388F /* Debug */,
				699F0CFA1E9E298700A3388F /* Release */,
			);
			defaultConfigurationIsVisible = 0;
			defaultConfigurationName = Release;
		};
/* End XCConfigurationList section */
	};
	rootObject = 699F0CDE1E9E298600A3388F /* Project object */;
}
